
Microsoft Visual Studio Solution File, Format Version 12.00
# Visual Studio Version 16
VisualStudioVersion = 16.0.30114.105
MinimumVisualStudioVersion = 10.0.40219.1
Project("{9092AA53-FB77-4645-B42D-1CCCA6BD08BD}") = "Lab2", "Lab2\Lab2.njsproj", "{91BEAB85-3D64-4509-87A2-A69B6186F385}"
EndProject
Global
	GlobalSection(SolutionConfigurationPlatforms) = preSolution
		Debug|Any CPU = Debug|Any CPU
		Release|Any CPU = Release|Any CPU
	EndGlobalSection
	GlobalSection(ProjectConfigurationPlatforms) = postSolution
		{91BEAB85-3D64-4509-87A2-A69B6186F385}.Debug|Any CPU.ActiveCfg = Debug|Any CPU
		{91BEAB85-3D64-4509-87A2-A69B6186F385}.Debug|Any CPU.Build.0 = Debug|Any CPU
		{91BEAB85-3D64-4509-87A2-A69B6186F385}.Release|Any CPU.ActiveCfg = Release|Any CPU
		{91BEAB85-3D64-4509-87A2-A69B6186F385}.Release|Any CPU.Build.0 = Release|Any CPU
	EndGlobalSection
	GlobalSection(SolutionProperties) = preSolution
		HideSolutionNode = FALSE
	EndGlobalSection
	GlobalSection(ExtensibilityGlobals) = postSolution
		SolutionGuid = {EB8D9CB4-32AF-4A17-9306-548E9DB0875E}
	EndGlobalSection
EndGlobal
